
Microsoft Visual Studio Solution File, Format Version 12.00
# Visual Studio 2013
VisualStudioVersion = 12.0.40629.0
MinimumVisualStudioVersion = 10.0.40219.1
Project("{8BC9CEB8-8B4A-11D0-8D11-00A0C91BC942}") = "MonitorLab", "MonitorLab\MonitorLab.vcxproj", "{02629FEC-9C85-492A-8B64-0791E29CF75E}"
EndProject
Global
	GlobalSection(SolutionConfigurationPlatforms) = preSolution
		Debug|Win32 = Debug|Win32
		Release|Win32 = Release|Win32
	EndGlobalSection
	GlobalSection(ProjectConfigurationPlatforms) = postSolution
		{02629FEC-9C85-492A-8B64-0791E29CF75E}.Debug|Win32.ActiveCfg = Debug|Win32
		{02629FEC-9C85-492A-8B64-0791E29CF75E}.Debug|Win32.Build.0 = Debug|Win32
		{02629FEC-9C85-492A-8B64-0791E29CF75E}.Release|Win32.ActiveCfg = Release|Win32
		{02629FEC-9C85-492A-8B64-0791E29CF75E}.Release|Win32.Build.0 = Release|Win32
	EndGlobalSection
	GlobalSection(SolutionProperties) = preSolution
		HideSolutionNode = FALSE
	EndGlobalSection
EndGlobal
